
Microsoft Visual Studio Solution File, Format Version 12.00
# Visual Studio 15
VisualStudioVersion = 15.0.28307.168
MinimumVisualStudioVersion = 10.0.40219.1
Project("{54435603-DBB4-11D2-8724-00A0C9A8B90C}") = "Installer", "Installer\Installer.vdproj", "{E08D9E3D-C91E-4763-B5F9-D00EF882D8C4}"
EndProject
Global
	GlobalSection(SolutionConfigurationPlatforms) = preSolution
		Debug|Default = Debug|Default
		Release|Default = Release|Default
	EndGlobalSection
	GlobalSection(ProjectConfigurationPlatforms) = postSolution
		{E08D9E3D-C91E-4763-B5F9-D00EF882D8C4}.Debug|Default.ActiveCfg = Debug
		{E08D9E3D-C91E-4763-B5F9-D00EF882D8C4}.Debug|Default.Build.0 = Debug
		{E08D9E3D-C91E-4763-B5F9-D00EF882D8C4}.Release|Default.ActiveCfg = Release
		{E08D9E3D-C91E-4763-B5F9-D00EF882D8C4}.Release|Default.Build.0 = Release
	EndGlobalSection
	GlobalSection(SolutionProperties) = preSolution
		HideSolutionNode = FALSE
	EndGlobalSection
	GlobalSection(ExtensibilityGlobals) = postSolution
		SolutionGuid = {BE659B02-C08B-4583-AD6A-AD9D0D1E03BB}
	EndGlobalSection
EndGlobal
